// !$*UTF8*$!
{
	archiveVersion = 1;
	classes = {
	};
	objectVersion = 46;
	objects = {

/* Begin PBXBuildFile section */
		560F2EDD1E24C64600C03B30 /* LJImageView.m in Sources */ = {isa = PBXBuildFile; fileRef = 560F2EDC1E24C64600C03B30 /* LJImageView.m */; };
		564A08581E2386CE00E6A285 /* main.m in Sources */ = {isa = PBXBuildFile; fileRef = 564A08571E2386CE00E6A285 /* main.m */; };
		564A085B1E2386CE00E6A285 /* AppDelegate.m in Sources */ = {isa = PBXBuildFile; fileRef = 564A085A1E2386CE00E6A285 /* AppDelegate.m */; };
		564A08611E2386CE00E6A285 /* Main.storyboard in Resources */ = {isa = PBXBuildFile; fileRef = 564A085F1E2386CE00E6A285 /* Main.storyboard */; };
		564A08631E2386CF00E6A285 /* Assets.xcassets in Resources */ = {isa = PBXBuildFile; fileRef = 564A08621E2386CE00E6A285 /* Assets.xcassets */; };
		564A08661E2386CF00E6A285 /* LaunchScreen.storyboard in Resources */ = {isa = PBXBuildFile; fileRef = 564A08641E2386CF00E6A285 /* LaunchScreen.storyboard */; };
		564A08761E2389A600E6A285 /* LoginViewController.m in Sources */ = {isa = PBXBuildFile; fileRef = 564A08741E2389A600E6A285 /* LoginViewController.m */; };
		564A08771E2389A600E6A285 /* LoginViewController.xib in Resources */ = {isa = PBXBuildFile; fileRef = 564A08751E2389A600E6A285 /* LoginViewController.xib */; };
		564A08821E238FBE00E6A285 /* MainViewController.m in Sources */ = {isa = PBXBuildFile; fileRef = 564A08811E238FBE00E6A285 /* MainViewController.m */; };
		564A08851E238FDC00E6A285 /* HeadView.m in Sources */ = {isa = PBXBuildFile; fileRef = 564A08841E238FDC00E6A285 /* HeadView.m */; };
		564A08891E23938400E6A285 /* MainTableViewCell.m in Sources */ = {isa = PBXBuildFile; fileRef = 564A08881E23938300E6A285 /* MainTableViewCell.m */; };
		564A088C1E246D7F00E6A285 /* InvoiceModel.m in Sources */ = {isa = PBXBuildFile; fileRef = 564A088B1E246D7F00E6A285 /* InvoiceModel.m */; };
		564A08901E24745100E6A285 /* InvoiceDetailViewController.m in Sources */ = {isa = PBXBuildFile; fileRef = 564A088F1E24745100E6A285 /* InvoiceDetailViewController.m */; };
		B4834F5E94616ABF8E79C30C /* libPods-CodeDemo.a in Frameworks */ = {isa = PBXBuildFile; fileRef = B528E4626B9C88AE16961D5D /* libPods-CodeDemo.a */; };
/* End PBXBuildFile section */

/* Begin PBXFileReference section */
		1AA00A31064FE5223F00C126 /* Pods-CodeDemo.debug.xcconfig */ = {isa = PBXFileReference; includeInIndex = 1; lastKnownFileType = text.xcconfig; name = "Pods-CodeDemo.debug.xcconfig"; path = "Pods/Target Support Files/Pods-CodeDemo/Pods-CodeDemo.debug.xcconfig"; sourceTree = "<group>"; };
		560F2EDB1E24C64600C03B30 /* LJImageView.h */ = {isa = PBXFileReference; fileEncoding = 4; lastKnownFileType = sourcecode.c.h; path = LJImageView.h; sourceTree = "<group>"; };
		560F2EDC1E24C64600C03B30 /* LJImageView.m */ = {isa = PBXFileReference; fileEncoding = 4; lastKnownFileType = sourcecode.c.objc; path = LJImageView.m; sourceTree = "<group>"; };
		564A08531E2386CE00E6A285 /* CodeDemo.app */ = {isa = PBXFileReference; explicitFileType = wrapper.application; includeInIndex = 0; path = CodeDemo.app; sourceTree = BUILT_PRODUCTS_DIR; };
		564A08571E2386CE00E6A285 /* main.m */ = {isa = PBXFileReference; lastKnownFileType = sourcecode.c.objc; path = main.m; sourceTree = "<group>"; };
		564A08591E2386CE00E6A285 /* AppDelegate.h */ = {isa = PBXFileReference; lastKnownFileType = sourcecode.c.h; path = AppDelegate.h; sourceTree = "<group>"; };
		564A085A1E2386CE00E6A285 /* AppDelegate.m */ = {isa = PBXFileReference; lastKnownFileType = sourcecode.c.objc; path = AppDelegate.m; sourceTree = "<group>"; };
		564A08601E2386CE00E6A285 /* Base */ = {isa = PBXFileReference; lastKnownFileType = file.storyboard; name = Base; path = Base.lproj/Main.storyboard; sourceTree = "<group>"; };
		564A08621E2386CE00E6A285 /* Assets.xcassets */ = {isa = PBXFileReference; lastKnownFileType = folder.assetcatalog; path = Assets.xcassets; sourceTree = "<group>"; };
		564A08651E2386CF00E6A285 /* Base */ = {isa = PBXFileReference; lastKnownFileType = file.storyboard; name = Base; path = Base.lproj/LaunchScreen.storyboard; sourceTree = "<group>"; };
		564A08671E2386CF00E6A285 /* Info.plist */ = {isa = PBXFileReference; lastKnownFileType = text.plist.xml; path = Info.plist; sourceTree = "<group>"; };
		564A08731E2389A600E6A285 /* LoginViewController.h */ = {isa = PBXFileReference; fileEncoding = 4; lastKnownFileType = sourcecode.c.h; path = LoginViewController.h; sourceTree = "<group>"; };
		564A08741E2389A600E6A285 /* LoginViewController.m */ = {isa = PBXFileReference; fileEncoding = 4; lastKnownFileType = sourcecode.c.objc; path = LoginViewController.m; sourceTree = "<group>"; };
		564A08751E2389A600E6A285 /* LoginViewController.xib */ = {isa = PBXFileReference; fileEncoding = 4; lastKnownFileType = file.xib; path = LoginViewController.xib; sourceTree = "<group>"; };
		564A08801E238FBE00E6A285 /* MainViewController.h */ = {isa = PBXFileReference; fileEncoding = 4; lastKnownFileType = sourcecode.c.h; path = MainViewController.h; sourceTree = "<group>"; };
		564A08811E238FBE00E6A285 /* MainViewController.m */ = {isa = PBXFileReference; fileEncoding = 4; lastKnownFileType = sourcecode.c.objc; path = MainViewController.m; sourceTree = "<group>"; };
		564A08831E238FDC00E6A285 /* HeadView.h */ = {isa = PBXFileReference; fileEncoding = 4; lastKnownFileType = sourcecode.c.h; path = HeadView.h; sourceTree = "<group>"; };
		564A08841E238FDC00E6A285 /* HeadView.m */ = {isa = PBXFileReference; fileEncoding = 4; lastKnownFileType = sourcecode.c.objc; path = HeadView.m; sourceTree = "<group>"; };
		564A08861E23900800E6A285 /* PrefixHeader.pch */ = {isa = PBXFileReference; lastKnownFileType = sourcecode.c.h; path = PrefixHeader.pch; sourceTree = "<group>"; };
		564A08871E23938300E6A285 /* MainTableViewCell.h */ = {isa = PBXFileReference; fileEncoding = 4; lastKnownFileType = sourcecode.c.h; path = MainTableViewCell.h; sourceTree = "<group>"; };
		564A08881E23938300E6A285 /* MainTableViewCell.m */ = {isa = PBXFileReference; fileEncoding = 4; lastKnownFileType = sourcecode.c.objc; path = MainTableViewCell.m; sourceTree = "<group>"; };
		564A088A1E246D7F00E6A285 /* InvoiceModel.h */ = {isa = PBXFileReference; fileEncoding = 4; lastKnownFileType = sourcecode.c.h; path = InvoiceModel.h; sourceTree = "<group>"; };
		564A088B1E246D7F00E6A285 /* InvoiceModel.m */ = {isa = PBXFileReference; fileEncoding = 4; lastKnownFileType = sourcecode.c.objc; path = InvoiceModel.m; sourceTree = "<group>"; };
		564A088E1E24745100E6A285 /* InvoiceDetailViewController.h */ = {isa = PBXFileReference; fileEncoding = 4; lastKnownFileType = sourcecode.c.h; path = InvoiceDetailViewController.h; sourceTree = "<group>"; };
		564A088F1E24745100E6A285 /* InvoiceDetailViewController.m */ = {isa = PBXFileReference; fileEncoding = 4; lastKnownFileType = sourcecode.c.objc; path = InvoiceDetailViewController.m; sourceTree = "<group>"; };
		B528E4626B9C88AE16961D5D /* libPods-CodeDemo.a */ = {isa = PBXFileReference; explicitFileType = archive.ar; includeInIndex = 0; path = "libPods-CodeDemo.a"; sourceTree = BUILT_PRODUCTS_DIR; };
		C0CA3762A982090F59BAEDCC /* Pods-CodeDemo.release.xcconfig */ = {isa = PBXFileReference; includeInIndex = 1; lastKnownFileType = text.xcconfig; name = "Pods-CodeDemo.release.xcconfig"; path = "Pods/Target Support Files/Pods-CodeDemo/Pods-CodeDemo.release.xcconfig"; sourceTree = "<group>"; };
/* End PBXFileReference section */

/* Begin PBXFrameworksBuildPhase section */
		564A08501E2386CE00E6A285 /* Frameworks */ = {
			isa = PBXFrameworksBuildPhase;
			buildActionMask = 2147483647;
			files = (
				B4834F5E94616ABF8E79C30C /* libPods-CodeDemo.a in Frameworks */,
			);
			runOnlyForDeploymentPostprocessing = 0;
		};
/* End PBXFrameworksBuildPhase section */

/* Begin PBXGroup section */
		3C5227FFF9EE9B7AF907078F /* Frameworks */ = {
			isa = PBXGroup;
			children = (
				B528E4626B9C88AE16961D5D /* libPods-CodeDemo.a */,
			);
			name = Frameworks;
			sourceTree = "<group>";
		};
		5044BE5E46256BD32A96BAD2 /* Pods */ = {
			isa = PBXGroup;
			children = (
				1AA00A31064FE5223F00C126 /* Pods-CodeDemo.debug.xcconfig */,
				C0CA3762A982090F59BAEDCC /* Pods-CodeDemo.release.xcconfig */,
			);
			name = Pods;
			sourceTree = "<group>";
		};
		564A084A1E2386CE00E6A285 = {
			isa = PBXGroup;
			children = (
				564A08551E2386CE00E6A285 /* CodeDemo */,
				564A08541E2386CE00E6A285 /* Products */,
				5044BE5E46256BD32A96BAD2 /* Pods */,
				3C5227FFF9EE9B7AF907078F /* Frameworks */,
			);
			sourceTree = "<group>";
		};
		564A08541E2386CE00E6A285 /* Products */ = {
			isa = PBXGroup;
			children = (
				564A08531E2386CE00E6A285 /* CodeDemo.app */,
			);
			name = Products;
			sourceTree = "<group>";
		};
		564A08551E2386CE00E6A285 /* CodeDemo */ = {
			isa = PBXGroup;
			children = (
				564A08591E2386CE00E6A285 /* AppDelegate.h */,
				564A085A1E2386CE00E6A285 /* AppDelegate.m */,
				560F2EDB1E24C64600C03B30 /* LJImageView.h */,
				560F2EDC1E24C64600C03B30 /* LJImageView.m */,
				564A088D1E24743600E6A285 /* InvoiceDetail */,
				564A086F1E23887B00E6A285 /* Code */,
				564A086E1E23886C00E6A285 /* Main */,
				564A086D1E23885600E6A285 /* Login */,
				564A085F1E2386CE00E6A285 /* Main.storyboard */,
				564A08861E23900800E6A285 /* PrefixHeader.pch */,
				564A08621E2386CE00E6A285 /* Assets.xcassets */,
				564A08641E2386CF00E6A285 /* LaunchScreen.storyboard */,
				564A08671E2386CF00E6A285 /* Info.plist */,
				564A08561E2386CE00E6A285 /* Supporting Files */,
			);
			path = CodeDemo;
			sourceTree = "<group>";
		};
		564A08561E2386CE00E6A285 /* Supporting Files */ = {
			isa = PBXGroup;
			children = (
				564A08571E2386CE00E6A285 /* main.m */,
			);
			name = "Supporting Files";
			sourceTree = "<group>";
		};
		564A086D1E23885600E6A285 /* Login */ = {
			isa = PBXGroup;
			children = (
				564A08731E2389A600E6A285 /* LoginViewController.h */,
				564A08741E2389A600E6A285 /* LoginViewController.m */,
				564A08751E2389A600E6A285 /* LoginViewController.xib */,
			);
			name = Login;
			sourceTree = "<group>";
		};
		564A086E1E23886C00E6A285 /* Main */ = {
			isa = PBXGroup;
			children = (
				564A08801E238FBE00E6A285 /* MainViewController.h */,
				564A08811E238FBE00E6A285 /* MainViewController.m */,
				564A08831E238FDC00E6A285 /* HeadView.h */,
				564A08841E238FDC00E6A285 /* HeadView.m */,
				564A08871E23938300E6A285 /* MainTableViewCell.h */,
				564A08881E23938300E6A285 /* MainTableViewCell.m */,
				564A088A1E246D7F00E6A285 /* InvoiceModel.h */,
				564A088B1E246D7F00E6A285 /* InvoiceModel.m */,
			);
			name = Main;
			sourceTree = "<group>";
		};
		564A086F1E23887B00E6A285 /* Code */ = {
			isa = PBXGroup;
			children = (
			);
			name = Code;
			sourceTree = "<group>";
		};
		564A088D1E24743600E6A285 /* InvoiceDetail */ = {
			isa = PBXGroup;
			children = (
				564A088E1E24745100E6A285 /* InvoiceDetailViewController.h */,
				564A088F1E24745100E6A285 /* InvoiceDetailViewController.m */,
			);
			name = InvoiceDetail;
			sourceTree = "<group>";
		};
/* End PBXGroup section */

/* Begin PBXNativeTarget section */
		564A08521E2386CE00E6A285 /* CodeDemo */ = {
			isa = PBXNativeTarget;
			buildConfigurationList = 564A086A1E2386CF00E6A285 /* Build configuration list for PBXNativeTarget "CodeDemo" */;
			buildPhases = (
				AE9EB92E2F78651C286D7FA6 /* [CP] Check Pods Manifest.lock */,
				564A084F1E2386CE00E6A285 /* Sources */,
				564A08501E2386CE00E6A285 /* Frameworks */,
				564A08511E2386CE00E6A285 /* Resources */,
				C7E89C0234224AF7F258BDA3 /* [CP] Embed Pods Frameworks */,
				4929BBEBBC70C5BACF69DC54 /* [CP] Copy Pods Resources */,
			);
			buildRules = (
			);
			dependencies = (
			);
			name = CodeDemo;
			productName = CodeDemo;
			productReference = 564A08531E2386CE00E6A285 /* CodeDemo.app */;
			productType = "com.apple.product-type.application";
		};
/* End PBXNativeTarget section */

/* Begin PBXProject section */
		564A084B1E2386CE00E6A285 /* Project object */ = {
			isa = PBXProject;
			attributes = {
				LastUpgradeCheck = 0820;
				ORGANIZATIONNAME = LJ;
				TargetAttributes = {
					564A08521E2386CE00E6A285 = {
						CreatedOnToolsVersion = 8.2.1;
						DevelopmentTeam = HB22SQJ4PW;
						ProvisioningStyle = Automatic;
					};
				};
			};
			buildConfigurationList = 564A084E1E2386CE00E6A285 /* Build configuration list for PBXProject "CodeDemo" */;
			compatibilityVersion = "Xcode 3.2";
			developmentRegion = English;
			hasScannedForEncodings = 0;
			knownRegions = (
				en,
				Base,
			);
			mainGroup = 564A084A1E2386CE00E6A285;
			productRefGroup = 564A08541E2386CE00E6A285 /* Products */;
			projectDirPath = "";
			projectRoot = "";
			targets = (
				564A08521E2386CE00E6A285 /* CodeDemo */,
			);
		};
/* End PBXProject section */

/* Begin PBXResourcesBuildPhase section */
		564A08511E2386CE00E6A285 /* Resources */ = {
			isa = PBXResourcesBuildPhase;
			buildActionMask = 2147483647;
			files = (
				564A08771E2389A600E6A285 /* LoginViewController.xib in Resources */,
				564A08661E2386CF00E6A285 /* LaunchScreen.storyboard in Resources */,
				564A08631E2386CF00E6A285 /* Assets.xcassets in Resources */,
				564A08611E2386CE00E6A285 /* Main.storyboard in Resources */,
			);
			runOnlyForDeploymentPostprocessing = 0;
		};
/* End PBXResourcesBuildPhase section */

/* Begin PBXShellScriptBuildPhase section */
		4929BBEBBC70C5BACF69DC54 /* [CP] Copy Pods Resources */ = {
			isa = PBXShellScriptBuildPhase;
			buildActionMask = 2147483647;
			files = (
			);
			inputPaths = (
			);
			name = "[CP] Copy Pods Resources";
			outputPaths = (
			);
			runOnlyForDeploymentPostprocessing = 0;
			shellPath = /bin/sh;
			shellScript = "\"${SRCROOT}/Pods/Target Support Files/Pods-CodeDemo/Pods-CodeDemo-resources.sh\"\n";
			showEnvVarsInLog = 0;
		};
		AE9EB92E2F78651C286D7FA6 /* [CP] Check Pods Manifest.lock */ = {
			isa = PBXShellScriptBuildPhase;
			buildActionMask = 2147483647;
			files = (
			);
			inputPaths = (
			);
			name = "[CP] Check Pods Manifest.lock";
			outputPaths = (
			);
			runOnlyForDeploymentPostprocessing = 0;
			shellPath = /bin/sh;
			shellScript = "diff \"${PODS_ROOT}/../Podfile.lock\" \"${PODS_ROOT}/Manifest.lock\" > /dev/null\nif [ $? != 0 ] ; then\n    # print error to STDERR\n    echo \"error: The sandbox is not in sync with the Podfile.lock. Run 'pod install' or update your CocoaPods installation.\" >&2\n    exit 1\nfi\n";
			showEnvVarsInLog = 0;
		};
		C7E89C0234224AF7F258BDA3 /* [CP] Embed Pods Frameworks */ = {
			isa = PBXShellScriptBuildPhase;
			buildActionMask = 2147483647;
			files = (
			);
			inputPaths = (
			);
			name = "[CP] Embed Pods Frameworks";
			outputPaths = (
			);
			runOnlyForDeploymentPostprocessing = 0;
			shellPath = /bin/sh;
			shellScript = "\"${SRCROOT}/Pods/Target Support Files/Pods-CodeDemo/Pods-CodeDemo-frameworks.sh\"\n";
			showEnvVarsInLog = 0;
		};
/* End PBXShellScriptBuildPhase section */

/* Begin PBXSourcesBuildPhase section */
		564A084F1E2386CE00E6A285 /* Sources */ = {
			isa = PBXSourcesBuildPhase;
			buildActionMask = 2147483647;
			files = (
				564A08891E23938400E6A285 /* MainTableViewCell.m in Sources */,
				564A085B1E2386CE00E6A285 /* AppDelegate.m in Sources */,
				564A08851E238FDC00E6A285 /* HeadView.m in Sources */,
				564A08581E2386CE00E6A285 /* main.m in Sources */,
				564A08761E2389A600E6A285 /* LoginViewController.m in Sources */,
				560F2EDD1E24C64600C03B30 /* LJImageView.m in Sources */,
				564A088C1E246D7F00E6A285 /* InvoiceModel.m in Sources */,
				564A08821E238FBE00E6A285 /* MainViewController.m in Sources */,
				564A08901E24745100E6A285 /* InvoiceDetailViewController.m in Sources */,
			);
			runOnlyForDeploymentPostprocessing = 0;
		};
/* End PBXSourcesBuildPhase section */

/* Begin PBXVariantGroup section */
		564A085F1E2386CE00E6A285 /* Main.storyboard */ = {
			isa = PBXVariantGroup;
			children = (
				564A08601E2386CE00E6A285 /* Base */,
			);
			name = Main.storyboard;
			sourceTree = "<group>";
		};
		564A08641E2386CF00E6A285 /* LaunchScreen.storyboard */ = {
			isa = PBXVariantGroup;
			children = (
				564A08651E2386CF00E6A285 /* Base */,
			);
			name = LaunchScreen.storyboard;
			sourceTree = "<group>";
		};
/* End PBXVariantGroup section */

/* Begin XCBuildConfiguration section */
		564A08681E2386CF00E6A285 /* Debug */ = {
			isa = XCBuildConfiguration;
			buildSettings = {
				ALWAYS_SEARCH_USER_PATHS = NO;
				CLANG_ANALYZER_NONNULL = YES;
				CLANG_CXX_LANGUAGE_STANDARD = "gnu++0x";
				CLANG_CXX_LIBRARY = "libc++";
				CLANG_ENABLE_MODULES = YES;
				CLANG_ENABLE_OBJC_ARC = YES;
				CLANG_WARN_BOOL_CONVERSION = YES;
				CLANG_WARN_CONSTANT_CONVERSION = YES;
				CLANG_WARN_DIRECT_OBJC_ISA_USAGE = YES_ERROR;
				CLANG_WARN_DOCUMENTATION_COMMENTS = YES;
				CLANG_WARN_EMPTY_BODY = YES;
				CLANG_WARN_ENUM_CONVERSION = YES;
				CLANG_WARN_INFINITE_RECURSION = YES;
				CLANG_WARN_INT_CONVERSION = YES;
				CLANG_WARN_OBJC_ROOT_CLASS = YES_ERROR;
				CLANG_WARN_SUSPICIOUS_MOVE = YES;
				CLANG_WARN_UNREACHABLE_CODE = YES;
				CLANG_WARN__DUPLICATE_METHOD_MATCH = YES;
				"CODE_SIGN_IDENTITY[sdk=iphoneos*]" = "iPhone Developer";
				COPY_PHASE_STRIP = NO;
				DEBUG_INFORMATION_FORMAT = dwarf;
				ENABLE_STRICT_OBJC_MSGSEND = YES;
				ENABLE_TESTABILITY = YES;
				GCC_C_LANGUAGE_STANDARD = gnu99;
				GCC_DYNAMIC_NO_PIC = NO;
				GCC_NO_COMMON_BLOCKS = YES;
				GCC_OPTIMIZATION_LEVEL = 0;
				GCC_PREPROCESSOR_DEFINITIONS = (
					"DEBUG=1",
					"$(inherited)",
				);
				GCC_WARN_64_TO_32_BIT_CONVERSION = YES;
				GCC_WARN_ABOUT_RETURN_TYPE = YES_ERROR;
				GCC_WARN_UNDECLARED_SELECTOR = YES;
				GCC_WARN_UNINITIALIZED_AUTOS = YES_AGGRESSIVE;
				GCC_WARN_UNUSED_FUNCTION = YES;
				GCC_WARN_UNUSED_VARIABLE = YES;
				IPHONEOS_DEPLOYMENT_TARGET = 10.2;
				MTL_ENABLE_DEBUG_INFO = YES;
				ONLY_ACTIVE_ARCH = YES;
				SDKROOT = iphoneos;
			};
			name = Debug;
		};
		564A08691E2386CF00E6A285 /* Release */ = {
			isa = XCBuildConfiguration;
			buildSettings = {
				ALWAYS_SEARCH_USER_PATHS = NO;
				CLANG_ANALYZER_NONNULL = YES;
				CLANG_CXX_LANGUAGE_STANDARD = "gnu++0x";
				CLANG_CXX_LIBRARY = "libc++";
				CLANG_ENABLE_MODULES = YES;
				CLANG_ENABLE_OBJC_ARC = YES;
				CLANG_WARN_BOOL_CONVERSION = YES;
				CLANG_WARN_CONSTANT_CONVERSION = YES;
				CLANG_WARN_DIRECT_OBJC_ISA_USAGE = YES_ERROR;
				CLANG_WARN_DOCUMENTATION_COMMENTS = YES;
				CLANG_WARN_EMPTY_BODY = YES;
				CLANG_WARN_ENUM_CONVERSION = YES;
				CLANG_WARN_INFINITE_RECURSION = YES;
				CLANG_WARN_INT_CONVERSION = YES;
				CLANG_WARN_OBJC_ROOT_CLASS = YES_ERROR;
				CLANG_WARN_SUSPICIOUS_MOVE = YES;
				CLANG_WARN_UNREACHABLE_CODE = YES;
				CLANG_WARN__DUPLICATE_METHOD_MATCH = YES;
				"CODE_SIGN_IDENTITY[sdk=iphoneos*]" = "iPhone Developer";
				COPY_PHASE_STRIP = NO;
				DEBUG_INFORMATION_FORMAT = "dwarf-with-dsym";
				ENABLE_NS_ASSERTIONS = NO;
				ENABLE_STRICT_OBJC_MSGSEND = YES;
				GCC_C_LANGUAGE_STANDARD = gnu99;
				GCC_NO_COMMON_BLOCKS = YES;
				GCC_WARN_64_TO_32_BIT_CONVERSION = YES;
				GCC_WARN_ABOUT_RETURN_TYPE = YES_ERROR;
				GCC_WARN_UNDECLARED_SELECTOR = YES;
				GCC_WARN_UNINITIALIZED_AUTOS = YES_AGGRESSIVE;
				GCC_WARN_UNUSED_FUNCTION = YES;
				GCC_WARN_UNUSED_VARIABLE = YES;
				IPHONEOS_DEPLOYMENT_TARGET = 10.2;
				MTL_ENABLE_DEBUG_INFO = NO;
				SDKROOT = iphoneos;
				VALIDATE_PRODUCT = YES;
			};
			name = Release;
		};
		564A086B1E2386CF00E6A285 /* Debug */ = {
			isa = XCBuildConfiguration;
			baseConfigurationReference = 1AA00A31064FE5223F00C126 /* Pods-CodeDemo.debug.xcconfig */;
			buildSettings = {
				ASSETCATALOG_COMPILER_APPICON_NAME = AppIcon;
				DEVELOPMENT_TEAM = HB22SQJ4PW;
				GCC_PRECOMPILE_PREFIX_HEADER = YES;
				GCC_PREFIX_HEADER = /Users/liujie/Desktop/CodeDemo/CodeDemo/PrefixHeader.pch;
				INFOPLIST_FILE = CodeDemo/Info.plist;
				IPHONEOS_DEPLOYMENT_TARGET = 8.0;
				LD_RUNPATH_SEARCH_PATHS = "$(inherited) @executable_path/Frameworks";
				PRODUCT_BUNDLE_IDENTIFIER = com.test.CodeDemo;
				PRODUCT_NAME = "$(TARGET_NAME)";
			};
			name = Debug;
		};
		564A086C1E2386CF00E6A285 /* Release */ = {
			isa = XCBuildConfiguration;
			baseConfigurationReference = C0CA3762A982090F59BAEDCC /* Pods-CodeDemo.release.xcconfig */;
			buildSettings = {
				ASSETCATALOG_COMPILER_APPICON_NAME = AppIcon;
				DEVELOPMENT_TEAM = HB22SQJ4PW;
				GCC_PRECOMPILE_PREFIX_HEADER = YES;
				GCC_PREFIX_HEADER = /Users/liujie/Desktop/CodeDemo/CodeDemo/PrefixHeader.pch;
				INFOPLIST_FILE = CodeDemo/Info.plist;
				IPHONEOS_DEPLOYMENT_TARGET = 8.0;
				LD_RUNPATH_SEARCH_PATHS = "$(inherited) @executable_path/Frameworks";
				PRODUCT_BUNDLE_IDENTIFIER = com.test.CodeDemo;
				PRODUCT_NAME = "$(TARGET_NAME)";
			};
			name = Release;
		};
/* End XCBuildConfiguration section */

/* Begin XCConfigurationList section */
		564A084E1E2386CE00E6A285 /* Build configuration list for PBXProject "CodeDemo" */ = {
			isa = XCConfigurationList;
			buildConfigurations = (
				564A08681E2386CF00E6A285 /* Debug */,
				564A08691E2386CF00E6A285 /* Release */,
			);
			defaultConfigurationIsVisible = 0;
			defaultConfigurationName = Release;
		};
		564A086A1E2386CF00E6A285 /* Build configuration list for PBXNativeTarget "CodeDemo" */ = {
			isa = XCConfigurationList;
			buildConfigurations = (
				564A086B1E2386CF00E6A285 /* Debug */,
				564A086C1E2386CF00E6A285 /* Release */,
			);
			defaultConfigurationIsVisible = 0;
			defaultConfigurationName = Release;
		};
/* End XCConfigurationList section */
	};
	rootObject = 564A084B1E2386CE00E6A285 /* Project object */;
}
